
Microsoft Visual Studio Solution File, Format Version 12.00
# Visual Studio Version 16
VisualStudioVersion = 16.0.31005.135
MinimumVisualStudioVersion = 10.0.40219.1
Project("{8BC9CEB8-8B4A-11D0-8D11-00A0C91BC942}") = "test-doubles", "test-doubles\test-doubles.vcxproj", "{6BBEEE93-B548-4BB0-83DF-BC2DC1970C58}"
EndProject
Global
	GlobalSection(SolutionConfigurationPlatforms) = preSolution
		Debug|x64 = Debug|x64
		Debug|x86 = Debug|x86
		Release|x64 = Release|x64
		Release|x86 = Release|x86
	EndGlobalSection
	GlobalSection(ProjectConfigurationPlatforms) = postSolution
		{6BBEEE93-B548-4BB0-83DF-BC2DC1970C58}.Debug|x64.ActiveCfg = Debug|x64
		{6BBEEE93-B548-4BB0-83DF-BC2DC1970C58}.Debug|x64.Build.0 = Debug|x64
		{6BBEEE93-B548-4BB0-83DF-BC2DC1970C58}.Debug|x86.ActiveCfg = Debug|Win32
		{6BBEEE93-B548-4BB0-83DF-BC2DC1970C58}.Debug|x86.Build.0 = Debug|Win32
		{6BBEEE93-B548-4BB0-83DF-BC2DC1970C58}.Release|x64.ActiveCfg = Release|x64
		{6BBEEE93-B548-4BB0-83DF-BC2DC1970C58}.Release|x64.Build.0 = Release|x64
		{6BBEEE93-B548-4BB0-83DF-BC2DC1970C58}.Release|x86.ActiveCfg = Release|Win32
		{6BBEEE93-B548-4BB0-83DF-BC2DC1970C58}.Release|x86.Build.0 = Release|Win32
	EndGlobalSection
	GlobalSection(SolutionProperties) = preSolution
		HideSolutionNode = FALSE
	EndGlobalSection
	GlobalSection(ExtensibilityGlobals) = postSolution
		SolutionGuid = {DB003B35-E5E4-4C90-8BEF-2A2F84BE434F}
	EndGlobalSection
EndGlobal
